// !$*UTF8*$!
{
	archiveVersion = 1;
	classes = {
	};
	objectVersion = 50;
	objects = {

/* Begin PBXBuildFile section */
		AE30E11E23E94D510002954B /* AppDelegate.swift in Sources */ = {isa = PBXBuildFile; fileRef = AE30E11D23E94D510002954B /* AppDelegate.swift */; };
		AE30E12023E94D510002954B /* SceneDelegate.swift in Sources */ = {isa = PBXBuildFile; fileRef = AE30E11F23E94D510002954B /* SceneDelegate.swift */; };
		AE30E12223E94D510002954B /* ViewController.swift in Sources */ = {isa = PBXBuildFile; fileRef = AE30E12123E94D510002954B /* ViewController.swift */; };
		AE30E12523E94D520002954B /* Main.storyboard in Resources */ = {isa = PBXBuildFile; fileRef = AE30E12323E94D510002954B /* Main.storyboard */; };
		AE30E12723E94D530002954B /* Assets.xcassets in Resources */ = {isa = PBXBuildFile; fileRef = AE30E12623E94D530002954B /* Assets.xcassets */; };
		AE30E12A23E94D530002954B /* LaunchScreen.storyboard in Resources */ = {isa = PBXBuildFile; fileRef = AE30E12823E94D530002954B /* LaunchScreen.storyboard */; };
		AE30E13523E94D530002954B /* instaCloneTests.swift in Sources */ = {isa = PBXBuildFile; fileRef = AE30E13423E94D530002954B /* instaCloneTests.swift */; };
		AE30E14023E94D530002954B /* instaCloneUITests.swift in Sources */ = {isa = PBXBuildFile; fileRef = AE30E13F23E94D530002954B /* instaCloneUITests.swift */; };
/* End PBXBuildFile section */

/* Begin PBXContainerItemProxy section */
		AE30E13123E94D530002954B /* PBXContainerItemProxy */ = {
			isa = PBXContainerItemProxy;
			containerPortal = AE30E11223E94D510002954B /* Project object */;
			proxyType = 1;
			remoteGlobalIDString = AE30E11923E94D510002954B;
			remoteInfo = instaClone;
		};
		AE30E13C23E94D530002954B /* PBXContainerItemProxy */ = {
			isa = PBXContainerItemProxy;
			containerPortal = AE30E11223E94D510002954B /* Project object */;
			proxyType = 1;
			remoteGlobalIDString = AE30E11923E94D510002954B;
			remoteInfo = instaClone;
		};
/* End PBXContainerItemProxy section */

/* Begin PBXFileReference section */
		AE30E11A23E94D510002954B /* instaClone.app */ = {isa = PBXFileReference; explicitFileType = wrapper.application; includeInIndex = 0; path = instaClone.app; sourceTree = BUILT_PRODUCTS_DIR; };
		AE30E11D23E94D510002954B /* AppDelegate.swift */ = {isa = PBXFileReference; lastKnownFileType = sourcecode.swift; path = AppDelegate.swift; sourceTree = "<group>"; };
		AE30E11F23E94D510002954B /* SceneDelegate.swift */ = {isa = PBXFileReference; lastKnownFileType = sourcecode.swift; path = SceneDelegate.swift; sourceTree = "<group>"; };
		AE30E12123E94D510002954B /* ViewController.swift */ = {isa = PBXFileReference; lastKnownFileType = sourcecode.swift; path = ViewController.swift; sourceTree = "<group>"; };
		AE30E12423E94D510002954B /* Base */ = {isa = PBXFileReference; lastKnownFileType = file.storyboard; name = Base; path = Base.lproj/Main.storyboard; sourceTree = "<group>"; };
		AE30E12623E94D530002954B /* Assets.xcassets */ = {isa = PBXFileReference; lastKnownFileType = folder.assetcatalog; path = Assets.xcassets; sourceTree = "<group>"; };
		AE30E12923E94D530002954B /* Base */ = {isa = PBXFileReference; lastKnownFileType = file.storyboard; name = Base; path = Base.lproj/LaunchScreen.storyboard; sourceTree = "<group>"; };
		AE30E12B23E94D530002954B /* Info.plist */ = {isa = PBXFileReference; lastKnownFileType = text.plist.xml; path = Info.plist; sourceTree = "<group>"; };
		AE30E13023E94D530002954B /* instaCloneTests.xctest */ = {isa = PBXFileReference; explicitFileType = wrapper.cfbundle; includeInIndex = 0; path = instaCloneTests.xctest; sourceTree = BUILT_PRODUCTS_DIR; };
		AE30E13423E94D530002954B /* instaCloneTests.swift */ = {isa = PBXFileReference; lastKnownFileType = sourcecode.swift; path = instaCloneTests.swift; sourceTree = "<group>"; };
		AE30E13623E94D530002954B /* Info.plist */ = {isa = PBXFileReference; lastKnownFileType = text.plist.xml; path = Info.plist; sourceTree = "<group>"; };
		AE30E13B23E94D530002954B /* instaCloneUITests.xctest */ = {isa = PBXFileReference; explicitFileType = wrapper.cfbundle; includeInIndex = 0; path = instaCloneUITests.xctest; sourceTree = BUILT_PRODUCTS_DIR; };
		AE30E13F23E94D530002954B /* instaCloneUITests.swift */ = {isa = PBXFileReference; lastKnownFileType = sourcecode.swift; path = instaCloneUITests.swift; sourceTree = "<group>"; };
		AE30E14123E94D530002954B /* Info.plist */ = {isa = PBXFileReference; lastKnownFileType = text.plist.xml; path = Info.plist; sourceTree = "<group>"; };
/* End PBXFileReference section */

/* Begin PBXFrameworksBuildPhase section */
		AE30E11723E94D510002954B /* Frameworks */ = {
			isa = PBXFrameworksBuildPhase;
			buildActionMask = 2147483647;
			files = (
			);
			runOnlyForDeploymentPostprocessing = 0;
		};
		AE30E12D23E94D530002954B /* Frameworks */ = {
			isa = PBXFrameworksBuildPhase;
			buildActionMask = 2147483647;
			files = (
			);
			runOnlyForDeploymentPostprocessing = 0;
		};
		AE30E13823E94D530002954B /* Frameworks */ = {
			isa = PBXFrameworksBuildPhase;
			buildActionMask = 2147483647;
			files = (
			);
			runOnlyForDeploymentPostprocessing = 0;
		};
/* End PBXFrameworksBuildPhase section */

/* Begin PBXGroup section */
		AE30E11123E94D510002954B = {
			isa = PBXGroup;
			children = (
				AE30E11C23E94D510002954B /* instaClone */,
				AE30E13323E94D530002954B /* instaCloneTests */,
				AE30E13E23E94D530002954B /* instaCloneUITests */,
				AE30E11B23E94D510002954B /* Products */,
			);
			sourceTree = "<group>";
		};
		AE30E11B23E94D510002954B /* Products */ = {
			isa = PBXGroup;
			children = (
				AE30E11A23E94D510002954B /* instaClone.app */,
				AE30E13023E94D530002954B /* instaCloneTests.xctest */,
				AE30E13B23E94D530002954B /* instaCloneUITests.xctest */,
			);
			name = Products;
			sourceTree = "<group>";
		};
		AE30E11C23E94D510002954B /* instaClone */ = {
			isa = PBXGroup;
			children = (
				AE30E11D23E94D510002954B /* AppDelegate.swift */,
				AE30E11F23E94D510002954B /* SceneDelegate.swift */,
				AE30E12123E94D510002954B /* ViewController.swift */,
				AE30E12323E94D510002954B /* Main.storyboard */,
				AE30E12623E94D530002954B /* Assets.xcassets */,
				AE30E12823E94D530002954B /* LaunchScreen.storyboard */,
				AE30E12B23E94D530002954B /* Info.plist */,
			);
			path = instaClone;
			sourceTree = "<group>";
		};
		AE30E13323E94D530002954B /* instaCloneTests */ = {
			isa = PBXGroup;
			children = (
				AE30E13423E94D530002954B /* instaCloneTests.swift */,
				AE30E13623E94D530002954B /* Info.plist */,
			);
			path = instaCloneTests;
			sourceTree = "<group>";
		};
		AE30E13E23E94D530002954B /* instaCloneUITests */ = {
			isa = PBXGroup;
			children = (
				AE30E13F23E94D530002954B /* instaCloneUITests.swift */,
				AE30E14123E94D530002954B /* Info.plist */,
			);
			path = instaCloneUITests;
			sourceTree = "<group>";
		};
/* End PBXGroup section */

/* Begin PBXNativeTarget section */
		AE30E11923E94D510002954B /* instaClone */ = {
			isa = PBXNativeTarget;
			buildConfigurationList = AE30E14423E94D530002954B /* Build configuration list for PBXNativeTarget "instaClone" */;
			buildPhases = (
				AE30E11623E94D510002954B /* Sources */,
				AE30E11723E94D510002954B /* Frameworks */,
				AE30E11823E94D510002954B /* Resources */,
			);
			buildRules = (
			);
			dependencies = (
			);
			name = instaClone;
			productName = instaClone;
			productReference = AE30E11A23E94D510002954B /* instaClone.app */;
			productType = "com.apple.product-type.application";
		};
		AE30E12F23E94D530002954B /* instaCloneTests */ = {
			isa = PBXNativeTarget;
			buildConfigurationList = AE30E14723E94D530002954B /* Build configuration list for PBXNativeTarget "instaCloneTests" */;
			buildPhases = (
				AE30E12C23E94D530002954B /* Sources */,
				AE30E12D23E94D530002954B /* Frameworks */,
				AE30E12E23E94D530002954B /* Resources */,
			);
			buildRules = (
			);
			dependencies = (
				AE30E13223E94D530002954B /* PBXTargetDependency */,
			);
			name = instaCloneTests;
			productName = instaCloneTests;
			productReference = AE30E13023E94D530002954B /* instaCloneTests.xctest */;
			productType = "com.apple.product-type.bundle.unit-test";
		};
		AE30E13A23E94D530002954B /* instaCloneUITests */ = {
			isa = PBXNativeTarget;
			buildConfigurationList = AE30E14A23E94D530002954B /* Build configuration list for PBXNativeTarget "instaCloneUITests" */;
			buildPhases = (
				AE30E13723E94D530002954B /* Sources */,
				AE30E13823E94D530002954B /* Frameworks */,
				AE30E13923E94D530002954B /* Resources */,
			);
			buildRules = (
			);
			dependencies = (
				AE30E13D23E94D530002954B /* PBXTargetDependency */,
			);
			name = instaCloneUITests;
			productName = instaCloneUITests;
			productReference = AE30E13B23E94D530002954B /* instaCloneUITests.xctest */;
			productType = "com.apple.product-type.bundle.ui-testing";
		};
/* End PBXNativeTarget section */

/* Begin PBXProject section */
		AE30E11223E94D510002954B /* Project object */ = {
			isa = PBXProject;
			attributes = {
				LastSwiftUpdateCheck = 1130;
				LastUpgradeCheck = 1130;
				ORGANIZATIONNAME = Xcode;
				TargetAttributes = {
					AE30E11923E94D510002954B = {
						CreatedOnToolsVersion = 11.3.1;
					};
					AE30E12F23E94D530002954B = {
						CreatedOnToolsVersion = 11.3.1;
						TestTargetID = AE30E11923E94D510002954B;
					};
					AE30E13A23E94D530002954B = {
						CreatedOnToolsVersion = 11.3.1;
						TestTargetID = AE30E11923E94D510002954B;
					};
				};
			};
			buildConfigurationList = AE30E11523E94D510002954B /* Build configuration list for PBXProject "instaClone" */;
			compatibilityVersion = "Xcode 9.3";
			developmentRegion = en;
			hasScannedForEncodings = 0;
			knownRegions = (
				en,
				Base,
			);
			mainGroup = AE30E11123E94D510002954B;
			productRefGroup = AE30E11B23E94D510002954B /* Products */;
			projectDirPath = "";
			projectRoot = "";
			targets = (
				AE30E11923E94D510002954B /* instaClone */,
				AE30E12F23E94D530002954B /* instaCloneTests */,
				AE30E13A23E94D530002954B /* instaCloneUITests */,
			);
		};
/* End PBXProject section */

/* Begin PBXResourcesBuildPhase section */
		AE30E11823E94D510002954B /* Resources */ = {
			isa = PBXResourcesBuildPhase;
			buildActionMask = 2147483647;
			files = (
				AE30E12A23E94D530002954B /* LaunchScreen.storyboard in Resources */,
				AE30E12723E94D530002954B /* Assets.xcassets in Resources */,
				AE30E12523E94D520002954B /* Main.storyboard in Resources */,
			);
			runOnlyForDeploymentPostprocessing = 0;
		};
		AE30E12E23E94D530002954B /* Resources */ = {
			isa = PBXResourcesBuildPhase;
			buildActionMask = 2147483647;
			files = (
			);
			runOnlyForDeploymentPostprocessing = 0;
		};
		AE30E13923E94D530002954B /* Resources */ = {
			isa = PBXResourcesBuildPhase;
			buildActionMask = 2147483647;
			files = (
			);
			runOnlyForDeploymentPostprocessing = 0;
		};
/* End PBXResourcesBuildPhase section */

/* Begin PBXSourcesBuildPhase section */
		AE30E11623E94D510002954B /* Sources */ = {
			isa = PBXSourcesBuildPhase;
			buildActionMask = 2147483647;
			files = (
				AE30E12223E94D510002954B /* ViewController.swift in Sources */,
				AE30E11E23E94D510002954B /* AppDelegate.swift in Sources */,
				AE30E12023E94D510002954B /* SceneDelegate.swift in Sources */,
			);
			runOnlyForDeploymentPostprocessing = 0;
		};
		AE30E12C23E94D530002954B /* Sources */ = {
			isa = PBXSourcesBuildPhase;
			buildActionMask = 2147483647;
			files = (
				AE30E13523E94D530002954B /* instaCloneTests.swift in Sources */,
			);
			runOnlyForDeploymentPostprocessing = 0;
		};
		AE30E13723E94D530002954B /* Sources */ = {
			isa = PBXSourcesBuildPhase;
			buildActionMask = 2147483647;
			files = (
				AE30E14023E94D530002954B /* instaCloneUITests.swift in Sources */,
			);
			runOnlyForDeploymentPostprocessing = 0;
		};
/* End PBXSourcesBuildPhase section */

/* Begin PBXTargetDependency section */
		AE30E13223E94D530002954B /* PBXTargetDependency */ = {
			isa = PBXTargetDependency;
			target = AE30E11923E94D510002954B /* instaClone */;
			targetProxy = AE30E13123E94D530002954B /* PBXContainerItemProxy */;
		};
		AE30E13D23E94D530002954B /* PBXTargetDependency */ = {
			isa = PBXTargetDependency;
			target = AE30E11923E94D510002954B /* instaClone */;
			targetProxy = AE30E13C23E94D530002954B /* PBXContainerItemProxy */;
		};
/* End PBXTargetDependency section */

/* Begin PBXVariantGroup section */
		AE30E12323E94D510002954B /* Main.storyboard */ = {
			isa = PBXVariantGroup;
			children = (
				AE30E12423E94D510002954B /* Base */,
			);
			name = Main.storyboard;
			sourceTree = "<group>";
		};
		AE30E12823E94D530002954B /* LaunchScreen.storyboard */ = {
			isa = PBXVariantGroup;
			children = (
				AE30E12923E94D530002954B /* Base */,
			);
			name = LaunchScreen.storyboard;
			sourceTree = "<group>";
		};
/* End PBXVariantGroup section */

/* Begin XCBuildConfiguration section */
		AE30E14223E94D530002954B /* Debug */ = {
			isa = XCBuildConfiguration;
			buildSettings = {
				ALWAYS_SEARCH_USER_PATHS = NO;
				CLANG_ANALYZER_NONNULL = YES;
				CLANG_ANALYZER_NUMBER_OBJECT_CONVERSION = YES_AGGRESSIVE;
				CLANG_CXX_LANGUAGE_STANDARD = "gnu++14";
				CLANG_CXX_LIBRARY = "libc++";
				CLANG_ENABLE_MODULES = YES;
				CLANG_ENABLE_OBJC_ARC = YES;
				CLANG_ENABLE_OBJC_WEAK = YES;
				CLANG_WARN_BLOCK_CAPTURE_AUTORELEASING = YES;
				CLANG_WARN_BOOL_CONVERSION = YES;
				CLANG_WARN_COMMA = YES;
				CLANG_WARN_CONSTANT_CONVERSION = YES;
				CLANG_WARN_DEPRECATED_OBJC_IMPLEMENTATIONS = YES;
				CLANG_WARN_DIRECT_OBJC_ISA_USAGE = YES_ERROR;
				CLANG_WARN_DOCUMENTATION_COMMENTS = YES;
				CLANG_WARN_EMPTY_BODY = YES;
				CLANG_WARN_ENUM_CONVERSION = YES;
				CLANG_WARN_INFINITE_RECURSION = YES;
				CLANG_WARN_INT_CONVERSION = YES;
				CLANG_WARN_NON_LITERAL_NULL_CONVERSION = YES;
				CLANG_WARN_OBJC_IMPLICIT_RETAIN_SELF = YES;
				CLANG_WARN_OBJC_LITERAL_CONVERSION = YES;
				CLANG_WARN_OBJC_ROOT_CLASS = YES_ERROR;
				CLANG_WARN_RANGE_LOOP_ANALYSIS = YES;
				CLANG_WARN_STRICT_PROTOTYPES = YES;
				CLANG_WARN_SUSPICIOUS_MOVE = YES;
				CLANG_WARN_UNGUARDED_AVAILABILITY = YES_AGGRESSIVE;
				CLANG_WARN_UNREACHABLE_CODE = YES;
				CLANG_WARN__DUPLICATE_METHOD_MATCH = YES;
				COPY_PHASE_STRIP = NO;
				DEBUG_INFORMATION_FORMAT = dwarf;
				ENABLE_STRICT_OBJC_MSGSEND = YES;
				ENABLE_TESTABILITY = YES;
				GCC_C_LANGUAGE_STANDARD = gnu11;
				GCC_DYNAMIC_NO_PIC = NO;
				GCC_NO_COMMON_BLOCKS = YES;
				GCC_OPTIMIZATION_LEVEL = 0;
				GCC_PREPROCESSOR_DEFINITIONS = (
					"DEBUG=1",
					"$(inherited)",
				);
				GCC_WARN_64_TO_32_BIT_CONVERSION = YES;
				GCC_WARN_ABOUT_RETURN_TYPE = YES_ERROR;
				GCC_WARN_UNDECLARED_SELECTOR = YES;
				GCC_WARN_UNINITIALIZED_AUTOS = YES_AGGRESSIVE;
				GCC_WARN_UNUSED_FUNCTION = YES;
				GCC_WARN_UNUSED_VARIABLE = YES;
				IPHONEOS_DEPLOYMENT_TARGET = 13.2;
				MTL_ENABLE_DEBUG_INFO = INCLUDE_SOURCE;
				MTL_FAST_MATH = YES;
				ONLY_ACTIVE_ARCH = YES;
				SDKROOT = iphoneos;
				SWIFT_ACTIVE_COMPILATION_CONDITIONS = DEBUG;
				SWIFT_OPTIMIZATION_LEVEL = "-Onone";
			};
			name = Debug;
		};
		AE30E14323E94D530002954B /* Release */ = {
			isa = XCBuildConfiguration;
			buildSettings = {
				ALWAYS_SEARCH_USER_PATHS = NO;
				CLANG_ANALYZER_NONNULL = YES;
				CLANG_ANALYZER_NUMBER_OBJECT_CONVERSION = YES_AGGRESSIVE;
				CLANG_CXX_LANGUAGE_STANDARD = "gnu++14";
				CLANG_CXX_LIBRARY = "libc++";
				CLANG_ENABLE_MODULES = YES;
				CLANG_ENABLE_OBJC_ARC = YES;
				CLANG_ENABLE_OBJC_WEAK = YES;
				CLANG_WARN_BLOCK_CAPTURE_AUTORELEASING = YES;
				CLANG_WARN_BOOL_CONVERSION = YES;
				CLANG_WARN_COMMA = YES;
				CLANG_WARN_CONSTANT_CONVERSION = YES;
				CLANG_WARN_DEPRECATED_OBJC_IMPLEMENTATIONS = YES;
				CLANG_WARN_DIRECT_OBJC_ISA_USAGE = YES_ERROR;
				CLANG_WARN_DOCUMENTATION_COMMENTS = YES;
				CLANG_WARN_EMPTY_BODY = YES;
				CLANG_WARN_ENUM_CONVERSION = YES;
				CLANG_WARN_INFINITE_RECURSION = YES;
				CLANG_WARN_INT_CONVERSION = YES;
				CLANG_WARN_NON_LITERAL_NULL_CONVERSION = YES;
				CLANG_WARN_OBJC_IMPLICIT_RETAIN_SELF = YES;
				CLANG_WARN_OBJC_LITERAL_CONVERSION = YES;
				CLANG_WARN_OBJC_ROOT_CLASS = YES_ERROR;
				CLANG_WARN_RANGE_LOOP_ANALYSIS = YES;
				CLANG_WARN_STRICT_PROTOTYPES = YES;
				CLANG_WARN_SUSPICIOUS_MOVE = YES;
				CLANG_WARN_UNGUARDED_AVAILABILITY = YES_AGGRESSIVE;
				CLANG_WARN_UNREACHABLE_CODE = YES;
				CLANG_WARN__DUPLICATE_METHOD_MATCH = YES;
				COPY_PHASE_STRIP = NO;
				DEBUG_INFORMATION_FORMAT = "dwarf-with-dsym";
				ENABLE_NS_ASSERTIONS = NO;
				ENABLE_STRICT_OBJC_MSGSEND = YES;
				GCC_C_LANGUAGE_STANDARD = gnu11;
				GCC_NO_COMMON_BLOCKS = YES;
				GCC_WARN_64_TO_32_BIT_CONVERSION = YES;
				GCC_WARN_ABOUT_RETURN_TYPE = YES_ERROR;
				GCC_WARN_UNDECLARED_SELECTOR = YES;
				GCC_WARN_UNINITIALIZED_AUTOS = YES_AGGRESSIVE;
				GCC_WARN_UNUSED_FUNCTION = YES;
				GCC_WARN_UNUSED_VARIABLE = YES;
				IPHONEOS_DEPLOYMENT_TARGET = 13.2;
				MTL_ENABLE_DEBUG_INFO = NO;
				MTL_FAST_MATH = YES;
				SDKROOT = iphoneos;
				SWIFT_COMPILATION_MODE = wholemodule;
				SWIFT_OPTIMIZATION_LEVEL = "-O";
				VALIDATE_PRODUCT = YES;
			};
			name = Release;
		};
		AE30E14523E94D530002954B /* Debug */ = {
			isa = XCBuildConfiguration;
			buildSettings = {
				ASSETCATALOG_COMPILER_APPICON_NAME = AppIcon;
				CODE_SIGN_STYLE = Automatic;
				INFOPLIST_FILE = instaClone/Info.plist;
				LD_RUNPATH_SEARCH_PATHS = (
					"$(inherited)",
					"@executable_path/Frameworks",
				);
				PRODUCT_BUNDLE_IDENTIFIER = Semih.instaClone;
				PRODUCT_NAME = "$(TARGET_NAME)";
				SWIFT_VERSION = 5.0;
				TARGETED_DEVICE_FAMILY = "1,2";
			};
			name = Debug;
		};
		AE30E14623E94D530002954B /* Release */ = {
			isa = XCBuildConfiguration;
			buildSettings = {
				ASSETCATALOG_COMPILER_APPICON_NAME = AppIcon;
				CODE_SIGN_STYLE = Automatic;
				INFOPLIST_FILE = instaClone/Info.plist;
				LD_RUNPATH_SEARCH_PATHS = (
					"$(inherited)",
					"@executable_path/Frameworks",
				);
				PRODUCT_BUNDLE_IDENTIFIER = Semih.instaClone;
				PRODUCT_NAME = "$(TARGET_NAME)";
				SWIFT_VERSION = 5.0;
				TARGETED_DEVICE_FAMILY = "1,2";
			};
			name = Release;
		};
		AE30E14823E94D530002954B /* Debug */ = {
			isa = XCBuildConfiguration;
			buildSettings = {
				ALWAYS_EMBED_SWIFT_STANDARD_LIBRARIES = YES;
				BUNDLE_LOADER = "$(TEST_HOST)";
				CODE_SIGN_STYLE = Automatic;
				INFOPLIST_FILE = instaCloneTests/Info.plist;
				IPHONEOS_DEPLOYMENT_TARGET = 13.2;
				LD_RUNPATH_SEARCH_PATHS = (
					"$(inherited)",
					"@executable_path/Frameworks",
					"@loader_path/Frameworks",
				);
				PRODUCT_BUNDLE_IDENTIFIER = Semih.instaCloneTests;
				PRODUCT_NAME = "$(TARGET_NAME)";
				SWIFT_VERSION = 5.0;
				TARGETED_DEVICE_FAMILY = "1,2";
				TEST_HOST = "$(BUILT_PRODUCTS_DIR)/instaClone.app/instaClone";
			};
			name = Debug;
		};
		AE30E14923E94D530002954B /* Release */ = {
			isa = XCBuildConfiguration;
			buildSettings = {
				ALWAYS_EMBED_SWIFT_STANDARD_LIBRARIES = YES;
				BUNDLE_LOADER = "$(TEST_HOST)";
				CODE_SIGN_STYLE = Automatic;
				INFOPLIST_FILE = instaCloneTests/Info.plist;
				IPHONEOS_DEPLOYMENT_TARGET = 13.2;
				LD_RUNPATH_SEARCH_PATHS = (
					"$(inherited)",
					"@executable_path/Frameworks",
					"@loader_path/Frameworks",
				);
				PRODUCT_BUNDLE_IDENTIFIER = Semih.instaCloneTests;
				PRODUCT_NAME = "$(TARGET_NAME)";
				SWIFT_VERSION = 5.0;
				TARGETED_DEVICE_FAMILY = "1,2";
				TEST_HOST = "$(BUILT_PRODUCTS_DIR)/instaClone.app/instaClone";
			};
			name = Release;
		};
		AE30E14B23E94D530002954B /* Debug */ = {
			isa = XCBuildConfiguration;
			buildSettings = {
				ALWAYS_EMBED_SWIFT_STANDARD_LIBRARIES = YES;
				CODE_SIGN_STYLE = Automatic;
				INFOPLIST_FILE = instaCloneUITests/Info.plist;
				LD_RUNPATH_SEARCH_PATHS = (
					"$(inherited)",
					"@executable_path/Frameworks",
					"@loader_path/Frameworks",
				);
				PRODUCT_BUNDLE_IDENTIFIER = Semih.instaCloneUITests;
				PRODUCT_NAME = "$(TARGET_NAME)";
				SWIFT_VERSION = 5.0;
				TARGETED_DEVICE_FAMILY = "1,2";
				TEST_TARGET_NAME = instaClone;
			};
			name = Debug;
		};
		AE30E14C23E94D530002954B /* Release */ = {
			isa = XCBuildConfiguration;
			buildSettings = {
				ALWAYS_EMBED_SWIFT_STANDARD_LIBRARIES = YES;
				CODE_SIGN_STYLE = Automatic;
				INFOPLIST_FILE = instaCloneUITests/Info.plist;
				LD_RUNPATH_SEARCH_PATHS = (
					"$(inherited)",
					"@executable_path/Frameworks",
					"@loader_path/Frameworks",
				);
				PRODUCT_BUNDLE_IDENTIFIER = Semih.instaCloneUITests;
				PRODUCT_NAME = "$(TARGET_NAME)";
				SWIFT_VERSION = 5.0;
				TARGETED_DEVICE_FAMILY = "1,2";
				TEST_TARGET_NAME = instaClone;
			};
			name = Release;
		};
/* End XCBuildConfiguration section */

/* Begin XCConfigurationList section */
		AE30E11523E94D510002954B /* Build configuration list for PBXProject "instaClone" */ = {
			isa = XCConfigurationList;
			buildConfigurations = (
				AE30E14223E94D530002954B /* Debug */,
				AE30E14323E94D530002954B /* Release */,
			);
			defaultConfigurationIsVisible = 0;
			defaultConfigurationName = Release;
		};
		AE30E14423E94D530002954B /* Build configuration list for PBXNativeTarget "instaClone" */ = {
			isa = XCConfigurationList;
			buildConfigurations = (
				AE30E14523E94D530002954B /* Debug */,
				AE30E14623E94D530002954B /* Release */,
			);
			defaultConfigurationIsVisible = 0;
			defaultConfigurationName = Release;
		};
		AE30E14723E94D530002954B /* Build configuration list for PBXNativeTarget "instaCloneTests" */ = {
			isa = XCConfigurationList;
			buildConfigurations = (
				AE30E14823E94D530002954B /* Debug */,
				AE30E14923E94D530002954B /* Release */,
			);
			defaultConfigurationIsVisible = 0;
			defaultConfigurationName = Release;
		};
		AE30E14A23E94D530002954B /* Build configuration list for PBXNativeTarget "instaCloneUITests" */ = {
			isa = XCConfigurationList;
			buildConfigurations = (
				AE30E14B23E94D530002954B /* Debug */,
				AE30E14C23E94D530002954B /* Release */,
			);
			defaultConfigurationIsVisible = 0;
			defaultConfigurationName = Release;
		};
/* End XCConfigurationList section */
	};
	rootObject = AE30E11223E94D510002954B /* Project object */;
}
